
Microsoft Visual Studio Solution File, Format Version 11.00
# Visual Studio 2010
# SharpDevelop 5.0
Project("{FAE04EC0-301F-11D3-BF4B-00C04F79EFBC}") = "BugReportCreater", "BugReportCreater\BugReportCreater.csproj", "{07C2793D-F85E-488A-BBCD-D0F9F9FC6563}"
EndProject
Global
	GlobalSection(SolutionConfigurationPlatforms) = preSolution
		Debug|Any CPU = Debug|Any CPU
		Release|Any CPU = Release|Any CPU
	EndGlobalSection
	GlobalSection(ProjectConfigurationPlatforms) = postSolution
		{07C2793D-F85E-488A-BBCD-D0F9F9FC6563}.Debug|Any CPU.ActiveCfg = Debug|Any CPU
		{07C2793D-F85E-488A-BBCD-D0F9F9FC6563}.Debug|Any CPU.Build.0 = Debug|Any CPU
		{07C2793D-F85E-488A-BBCD-D0F9F9FC6563}.Release|Any CPU.ActiveCfg = Release|Any CPU
		{07C2793D-F85E-488A-BBCD-D0F9F9FC6563}.Release|Any CPU.Build.0 = Release|Any CPU
	EndGlobalSection
EndGlobal
