
Microsoft Visual Studio Solution File, Format Version 11.00
# Visual Studio 2010
# SharpDevelop 5.1
Project("{FAE04EC0-301F-11D3-BF4B-00C04F79EFBC}") = "Test1", "Test1\Test1.csproj", "{D78752E5-3BDF-43D6-8EF7-E18428881633}"
EndProject
Global
	GlobalSection(SolutionConfigurationPlatforms) = preSolution
		Debug|Any CPU = Debug|Any CPU
		Release|Any CPU = Release|Any CPU
	EndGlobalSection
	GlobalSection(ProjectConfigurationPlatforms) = postSolution
		{D78752E5-3BDF-43D6-8EF7-E18428881633}.Debug|Any CPU.ActiveCfg = Debug|Any CPU
		{D78752E5-3BDF-43D6-8EF7-E18428881633}.Debug|Any CPU.Build.0 = Debug|Any CPU
		{D78752E5-3BDF-43D6-8EF7-E18428881633}.Release|Any CPU.ActiveCfg = Release|Any CPU
		{D78752E5-3BDF-43D6-8EF7-E18428881633}.Release|Any CPU.Build.0 = Release|Any CPU
	EndGlobalSection
EndGlobal
